
Microsoft Visual Studio Solution File, Format Version 12.00
# Visual Studio Version 17
VisualStudioVersion = 17.1.31911.260
MinimumVisualStudioVersion = 10.0.40219.1
Project("{FAE04EC0-301F-11D3-BF4B-00C04F79EFBC}") = "Apex.MinimalApi", "Apex.MinimalApi\Apex.MinimalApi.csproj", "{6B445371-63B1-457F-87EC-A6F8BE9548F9}"
EndProject
Global
	GlobalSection(SolutionConfigurationPlatforms) = preSolution
		Debug|Any CPU = Debug|Any CPU
		Release|Any CPU = Release|Any CPU
	EndGlobalSection
	GlobalSection(ProjectConfigurationPlatforms) = postSolution
		{6B445371-63B1-457F-87EC-A6F8BE9548F9}.Debug|Any CPU.ActiveCfg = Debug|Any CPU
		{6B445371-63B1-457F-87EC-A6F8BE9548F9}.Debug|Any CPU.Build.0 = Debug|Any CPU
		{6B445371-63B1-457F-87EC-A6F8BE9548F9}.Release|Any CPU.ActiveCfg = Release|Any CPU
		{6B445371-63B1-457F-87EC-A6F8BE9548F9}.Release|Any CPU.Build.0 = Release|Any CPU
	EndGlobalSection
	GlobalSection(SolutionProperties) = preSolution
		HideSolutionNode = FALSE
	EndGlobalSection
	GlobalSection(ExtensibilityGlobals) = postSolution
		SolutionGuid = {F0A8C87D-4879-4AF8-8B12-F453EC276C69}
	EndGlobalSection
EndGlobal
